
Microsoft Visual Studio Solution File, Format Version 12.00
# Visual Studio Version 16
VisualStudioVersion = 16.0.31205.134
MinimumVisualStudioVersion = 10.0.40219.1
Project("{FAE04EC0-301F-11D3-BF4B-00C04F79EFBC}") = "CargoShipApp", "CargoShipApp\CargoShipApp.csproj", "{F4DDBD65-8A41-4F1D-BF2C-2044B9562683}"
EndProject
Global
	GlobalSection(SolutionConfigurationPlatforms) = preSolution
		Debug|Any CPU = Debug|Any CPU
		Release|Any CPU = Release|Any CPU
	EndGlobalSection
	GlobalSection(ProjectConfigurationPlatforms) = postSolution
		{F4DDBD65-8A41-4F1D-BF2C-2044B9562683}.Debug|Any CPU.ActiveCfg = Debug|Any CPU
		{F4DDBD65-8A41-4F1D-BF2C-2044B9562683}.Debug|Any CPU.Build.0 = Debug|Any CPU
		{F4DDBD65-8A41-4F1D-BF2C-2044B9562683}.Release|Any CPU.ActiveCfg = Release|Any CPU
		{F4DDBD65-8A41-4F1D-BF2C-2044B9562683}.Release|Any CPU.Build.0 = Release|Any CPU
	EndGlobalSection
	GlobalSection(SolutionProperties) = preSolution
		HideSolutionNode = FALSE
	EndGlobalSection
	GlobalSection(ExtensibilityGlobals) = postSolution
		SolutionGuid = {07173BF6-A033-49A0-AFBC-0DF3F77A747B}
	EndGlobalSection
EndGlobal
